// !$*UTF8*$!
{
	archiveVersion = 1;
	classes = {
	};
	objectVersion = 50;
	objects = {

/* Begin PBXBuildFile section */
		2C34347626A477DB00FB0C63 /* PeopleCellViewModel.swift in Sources */ = {isa = PBXBuildFile; fileRef = 2C34347526A477DB00FB0C63 /* PeopleCellViewModel.swift */; };
		2C34347826A4790C00FB0C63 /* PeoplesViewModel.swift in Sources */ = {isa = PBXBuildFile; fileRef = 2C34347726A4790C00FB0C63 /* PeoplesViewModel.swift */; };
		2C34347A26A479F300FB0C63 /* HttpRequestHelper.swift in Sources */ = {isa = PBXBuildFile; fileRef = 2C34347926A479F300FB0C63 /* HttpRequestHelper.swift */; };
		2C34348826A47EAD00FB0C63 /* PeopleCell.swift in Sources */ = {isa = PBXBuildFile; fileRef = 2C34348626A47EAD00FB0C63 /* PeopleCell.swift */; };
		2C34348E26A4872100FB0C63 /* AppDelegate.swift in Sources */ = {isa = PBXBuildFile; fileRef = 2C34348C26A4872000FB0C63 /* AppDelegate.swift */; };
		2C34348F26A4872100FB0C63 /* SceneDelegate.swift in Sources */ = {isa = PBXBuildFile; fileRef = 2C34348D26A4872100FB0C63 /* SceneDelegate.swift */; };
		2C34349126A4882A00FB0C63 /* PeopleCell.xib in Resources */ = {isa = PBXBuildFile; fileRef = 2C34349026A4882A00FB0C63 /* PeopleCell.xib */; };
		2C34349326A48E8200FB0C63 /* RoomCellViewModel.swift in Sources */ = {isa = PBXBuildFile; fileRef = 2C34349226A48E8200FB0C63 /* RoomCellViewModel.swift */; };
		2C34349526A48F1900FB0C63 /* RoomsViewModel.swift in Sources */ = {isa = PBXBuildFile; fileRef = 2C34349426A48F1900FB0C63 /* RoomsViewModel.swift */; };
		2C34349726A4917200FB0C63 /* RoomCell.xib in Resources */ = {isa = PBXBuildFile; fileRef = 2C34349626A4917200FB0C63 /* RoomCell.xib */; };
		2C34349926A5188200FB0C63 /* peoples.json in Resources */ = {isa = PBXBuildFile; fileRef = 2C34349826A5188200FB0C63 /* peoples.json */; };
		2C34349B26A518A500FB0C63 /* rooms.json in Resources */ = {isa = PBXBuildFile; fileRef = 2C34349A26A518A500FB0C63 /* rooms.json */; };
		2C8419C7269E141500175447 /* Utility.swift in Sources */ = {isa = PBXBuildFile; fileRef = 2C8419C6269E141500175447 /* Utility.swift */; };
		2CA6B455269CBFBF0056ACFC /* MainTabViewController.swift in Sources */ = {isa = PBXBuildFile; fileRef = 2CA6B454269CBFBF0056ACFC /* MainTabViewController.swift */; };
		2CA6B458269CBFBF0056ACFC /* Main.storyboard in Resources */ = {isa = PBXBuildFile; fileRef = 2CA6B456269CBFBF0056ACFC /* Main.storyboard */; };
		2CA6B45B269CBFBF0056ACFC /* Directory.xcdatamodeld in Sources */ = {isa = PBXBuildFile; fileRef = 2CA6B459269CBFBF0056ACFC /* Directory.xcdatamodeld */; };
		2CA6B45D269CBFC10056ACFC /* Assets.xcassets in Resources */ = {isa = PBXBuildFile; fileRef = 2CA6B45C269CBFC10056ACFC /* Assets.xcassets */; };
		2CA6B460269CBFC10056ACFC /* LaunchScreen.storyboard in Resources */ = {isa = PBXBuildFile; fileRef = 2CA6B45E269CBFC10056ACFC /* LaunchScreen.storyboard */; };
		2CA6B46B269CBFC10056ACFC /* PeopleViewModelTest.swift in Sources */ = {isa = PBXBuildFile; fileRef = 2CA6B46A269CBFC10056ACFC /* PeopleViewModelTest.swift */; };
		2CA6B476269CBFC10056ACFC /* DirectoryUITests.swift in Sources */ = {isa = PBXBuildFile; fileRef = 2CA6B475269CBFC10056ACFC /* DirectoryUITests.swift */; };
		2CA6B48A269CC5930056ACFC /* Service.swift in Sources */ = {isa = PBXBuildFile; fileRef = 2CA6B489269CC5930056ACFC /* Service.swift */; };
		2CA6B48F269CC76E0056ACFC /* People.swift in Sources */ = {isa = PBXBuildFile; fileRef = 2CA6B48E269CC76E0056ACFC /* People.swift */; };
		2CA6B491269CC7B00056ACFC /* Room.swift in Sources */ = {isa = PBXBuildFile; fileRef = 2CA6B490269CC7B00056ACFC /* Room.swift */; };
		2CA6B495269CD6780056ACFC /* PeopleViewController.swift in Sources */ = {isa = PBXBuildFile; fileRef = 2CA6B494269CD6780056ACFC /* PeopleViewController.swift */; };
		2CA6B499269CD6D40056ACFC /* RoomViewController.swift in Sources */ = {isa = PBXBuildFile; fileRef = 2CA6B498269CD6D40056ACFC /* RoomViewController.swift */; };
		2CD7E801269DD9F0009F1C4D /* RoomCell.swift in Sources */ = {isa = PBXBuildFile; fileRef = 2CD7E800269DD9F0009F1C4D /* RoomCell.swift */; };
		2CF8A96526A56CC70056340C /* RoomViewModelTest.swift in Sources */ = {isa = PBXBuildFile; fileRef = 2CF8A96426A56CC70056340C /* RoomViewModelTest.swift */; };
/* End PBXBuildFile section */

/* Begin PBXContainerItemProxy section */
		2CA6B467269CBFC10056ACFC /* PBXContainerItemProxy */ = {
			isa = PBXContainerItemProxy;
			containerPortal = 2CA6B445269CBFBF0056ACFC /* Project object */;
			proxyType = 1;
			remoteGlobalIDString = 2CA6B44C269CBFBF0056ACFC;
			remoteInfo = Directory;
		};
		2CA6B472269CBFC10056ACFC /* PBXContainerItemProxy */ = {
			isa = PBXContainerItemProxy;
			containerPortal = 2CA6B445269CBFBF0056ACFC /* Project object */;
			proxyType = 1;
			remoteGlobalIDString = 2CA6B44C269CBFBF0056ACFC;
			remoteInfo = Directory;
		};
/* End PBXContainerItemProxy section */

/* Begin PBXFileReference section */
		2C34347526A477DB00FB0C63 /* PeopleCellViewModel.swift */ = {isa = PBXFileReference; lastKnownFileType = sourcecode.swift; path = PeopleCellViewModel.swift; sourceTree = "<group>"; };
		2C34347726A4790C00FB0C63 /* PeoplesViewModel.swift */ = {isa = PBXFileReference; lastKnownFileType = sourcecode.swift; path = PeoplesViewModel.swift; sourceTree = "<group>"; };
		2C34347926A479F300FB0C63 /* HttpRequestHelper.swift */ = {isa = PBXFileReference; fileEncoding = 4; lastKnownFileType = sourcecode.swift; path = HttpRequestHelper.swift; sourceTree = "<group>"; };
		2C34348626A47EAD00FB0C63 /* PeopleCell.swift */ = {isa = PBXFileReference; fileEncoding = 4; lastKnownFileType = sourcecode.swift; path = PeopleCell.swift; sourceTree = "<group>"; };
		2C34348C26A4872000FB0C63 /* AppDelegate.swift */ = {isa = PBXFileReference; fileEncoding = 4; lastKnownFileType = sourcecode.swift; name = AppDelegate.swift; path = ../AppDelegate.swift; sourceTree = "<group>"; };
		2C34348D26A4872100FB0C63 /* SceneDelegate.swift */ = {isa = PBXFileReference; fileEncoding = 4; lastKnownFileType = sourcecode.swift; path = SceneDelegate.swift; sourceTree = "<group>"; };
		2C34349026A4882A00FB0C63 /* PeopleCell.xib */ = {isa = PBXFileReference; fileEncoding = 4; lastKnownFileType = file.xib; path = PeopleCell.xib; sourceTree = "<group>"; };
		2C34349226A48E8200FB0C63 /* RoomCellViewModel.swift */ = {isa = PBXFileReference; lastKnownFileType = sourcecode.swift; path = RoomCellViewModel.swift; sourceTree = "<group>"; };
		2C34349426A48F1900FB0C63 /* RoomsViewModel.swift */ = {isa = PBXFileReference; lastKnownFileType = sourcecode.swift; path = RoomsViewModel.swift; sourceTree = "<group>"; };
		2C34349626A4917200FB0C63 /* RoomCell.xib */ = {isa = PBXFileReference; fileEncoding = 4; lastKnownFileType = file.xib; path = RoomCell.xib; sourceTree = "<group>"; };
		2C34349826A5188200FB0C63 /* peoples.json */ = {isa = PBXFileReference; lastKnownFileType = text.json; path = peoples.json; sourceTree = "<group>"; };
		2C34349A26A518A500FB0C63 /* rooms.json */ = {isa = PBXFileReference; lastKnownFileType = text.json; path = rooms.json; sourceTree = "<group>"; };
		2C8419C6269E141500175447 /* Utility.swift */ = {isa = PBXFileReference; lastKnownFileType = sourcecode.swift; path = Utility.swift; sourceTree = "<group>"; };
		2CA6B44D269CBFBF0056ACFC /* Directory.app */ = {isa = PBXFileReference; explicitFileType = wrapper.application; includeInIndex = 0; path = Directory.app; sourceTree = BUILT_PRODUCTS_DIR; };
		2CA6B454269CBFBF0056ACFC /* MainTabViewController.swift */ = {isa = PBXFileReference; lastKnownFileType = sourcecode.swift; path = MainTabViewController.swift; sourceTree = "<group>"; };
		2CA6B457269CBFBF0056ACFC /* Base */ = {isa = PBXFileReference; lastKnownFileType = file.storyboard; name = Base; path = Base.lproj/Main.storyboard; sourceTree = "<group>"; };
		2CA6B45A269CBFBF0056ACFC /* Directory.xcdatamodel */ = {isa = PBXFileReference; lastKnownFileType = wrapper.xcdatamodel; path = Directory.xcdatamodel; sourceTree = "<group>"; };
		2CA6B45C269CBFC10056ACFC /* Assets.xcassets */ = {isa = PBXFileReference; lastKnownFileType = folder.assetcatalog; path = Assets.xcassets; sourceTree = "<group>"; };
		2CA6B45F269CBFC10056ACFC /* Base */ = {isa = PBXFileReference; lastKnownFileType = file.storyboard; name = Base; path = Base.lproj/LaunchScreen.storyboard; sourceTree = "<group>"; };
		2CA6B461269CBFC10056ACFC /* Info.plist */ = {isa = PBXFileReference; lastKnownFileType = text.plist.xml; path = Info.plist; sourceTree = "<group>"; };
		2CA6B466269CBFC10056ACFC /* DirectoryTests.xctest */ = {isa = PBXFileReference; explicitFileType = wrapper.cfbundle; includeInIndex = 0; path = DirectoryTests.xctest; sourceTree = BUILT_PRODUCTS_DIR; };
		2CA6B46A269CBFC10056ACFC /* PeopleViewModelTest.swift */ = {isa = PBXFileReference; lastKnownFileType = sourcecode.swift; path = PeopleViewModelTest.swift; sourceTree = "<group>"; };
		2CA6B46C269CBFC10056ACFC /* Info.plist */ = {isa = PBXFileReference; lastKnownFileType = text.plist.xml; path = Info.plist; sourceTree = "<group>"; };
		2CA6B471269CBFC10056ACFC /* DirectoryUITests.xctest */ = {isa = PBXFileReference; explicitFileType = wrapper.cfbundle; includeInIndex = 0; path = DirectoryUITests.xctest; sourceTree = BUILT_PRODUCTS_DIR; };
		2CA6B475269CBFC10056ACFC /* DirectoryUITests.swift */ = {isa = PBXFileReference; lastKnownFileType = sourcecode.swift; path = DirectoryUITests.swift; sourceTree = "<group>"; };
		2CA6B477269CBFC10056ACFC /* Info.plist */ = {isa = PBXFileReference; lastKnownFileType = text.plist.xml; path = Info.plist; sourceTree = "<group>"; };
		2CA6B489269CC5930056ACFC /* Service.swift */ = {isa = PBXFileReference; lastKnownFileType = sourcecode.swift; path = Service.swift; sourceTree = "<group>"; };
		2CA6B48E269CC76E0056ACFC /* People.swift */ = {isa = PBXFileReference; lastKnownFileType = sourcecode.swift; path = People.swift; sourceTree = "<group>"; };
		2CA6B490269CC7B00056ACFC /* Room.swift */ = {isa = PBXFileReference; lastKnownFileType = sourcecode.swift; path = Room.swift; sourceTree = "<group>"; };
		2CA6B494269CD6780056ACFC /* PeopleViewController.swift */ = {isa = PBXFileReference; lastKnownFileType = sourcecode.swift; path = PeopleViewController.swift; sourceTree = "<group>"; };
		2CA6B498269CD6D40056ACFC /* RoomViewController.swift */ = {isa = PBXFileReference; lastKnownFileType = sourcecode.swift; path = RoomViewController.swift; sourceTree = "<group>"; };
		2CD7E800269DD9F0009F1C4D /* RoomCell.swift */ = {isa = PBXFileReference; lastKnownFileType = sourcecode.swift; path = RoomCell.swift; sourceTree = "<group>"; };
		2CF8A96426A56CC70056340C /* RoomViewModelTest.swift */ = {isa = PBXFileReference; lastKnownFileType = sourcecode.swift; path = RoomViewModelTest.swift; sourceTree = "<group>"; };
/* End PBXFileReference section */

/* Begin PBXFrameworksBuildPhase section */
		2CA6B44A269CBFBF0056ACFC /* Frameworks */ = {
			isa = PBXFrameworksBuildPhase;
			buildActionMask = 2147483647;
			files = (
			);
			runOnlyForDeploymentPostprocessing = 0;
		};
		2CA6B463269CBFC10056ACFC /* Frameworks */ = {
			isa = PBXFrameworksBuildPhase;
			buildActionMask = 2147483647;
			files = (
			);
			runOnlyForDeploymentPostprocessing = 0;
		};
		2CA6B46E269CBFC10056ACFC /* Frameworks */ = {
			isa = PBXFrameworksBuildPhase;
			buildActionMask = 2147483647;
			files = (
			);
			runOnlyForDeploymentPostprocessing = 0;
		};
/* End PBXFrameworksBuildPhase section */

/* Begin PBXGroup section */
		2C34347B26A47AD800FB0C63 /* Screens */ = {
			isa = PBXGroup;
			children = (
				2C34347C26A47AF300FB0C63 /* Peoples */,
				2C34347D26A47AFC00FB0C63 /* Rooms */,
			);
			path = Screens;
			sourceTree = "<group>";
		};
		2C34347C26A47AF300FB0C63 /* Peoples */ = {
			isa = PBXGroup;
			children = (
				2C34348326A47B4E00FB0C63 /* Model */,
				2C34348226A47B4900FB0C63 /* View */,
				2C34348126A47B4300FB0C63 /* ViewModel */,
				2CA6B494269CD6780056ACFC /* PeopleViewController.swift */,
			);
			path = Peoples;
			sourceTree = "<group>";
		};
		2C34347D26A47AFC00FB0C63 /* Rooms */ = {
			isa = PBXGroup;
			children = (
				2C34347E26A47B1300FB0C63 /* Model */,
				2C34347F26A47B1D00FB0C63 /* View */,
				2C34348026A47B2200FB0C63 /* ViewModel */,
			);
			path = Rooms;
			sourceTree = "<group>";
		};
		2C34347E26A47B1300FB0C63 /* Model */ = {
			isa = PBXGroup;
			children = (
				2CA6B490269CC7B00056ACFC /* Room.swift */,
			);
			path = Model;
			sourceTree = "<group>";
		};
		2C34347F26A47B1D00FB0C63 /* View */ = {
			isa = PBXGroup;
			children = (
				2C34348926A4836C00FB0C63 /* Cell */,
				2CA6B498269CD6D40056ACFC /* RoomViewController.swift */,
			);
			path = View;
			sourceTree = "<group>";
		};
		2C34348026A47B2200FB0C63 /* ViewModel */ = {
			isa = PBXGroup;
			children = (
				2C34349226A48E8200FB0C63 /* RoomCellViewModel.swift */,
				2C34349426A48F1900FB0C63 /* RoomsViewModel.swift */,
			);
			path = ViewModel;
			sourceTree = "<group>";
		};
		2C34348126A47B4300FB0C63 /* ViewModel */ = {
			isa = PBXGroup;
			children = (
				2C34347526A477DB00FB0C63 /* PeopleCellViewModel.swift */,
				2C34347726A4790C00FB0C63 /* PeoplesViewModel.swift */,
			);
			path = ViewModel;
			sourceTree = "<group>";
		};
		2C34348226A47B4900FB0C63 /* View */ = {
			isa = PBXGroup;
			children = (
				2C34348426A47EAD00FB0C63 /* Cell */,
			);
			path = View;
			sourceTree = "<group>";
		};
		2C34348326A47B4E00FB0C63 /* Model */ = {
			isa = PBXGroup;
			children = (
				2CA6B48E269CC76E0056ACFC /* People.swift */,
			);
			path = Model;
			sourceTree = "<group>";
		};
		2C34348426A47EAD00FB0C63 /* Cell */ = {
			isa = PBXGroup;
			children = (
				2C34349026A4882A00FB0C63 /* PeopleCell.xib */,
				2C34348626A47EAD00FB0C63 /* PeopleCell.swift */,
			);
			path = Cell;
			sourceTree = "<group>";
		};
		2C34348926A4836C00FB0C63 /* Cell */ = {
			isa = PBXGroup;
			children = (
				2C34349626A4917200FB0C63 /* RoomCell.xib */,
				2CD7E800269DD9F0009F1C4D /* RoomCell.swift */,
			);
			path = Cell;
			sourceTree = "<group>";
		};
		2C8419C5269E13FD00175447 /* Utility */ = {
			isa = PBXGroup;
			children = (
				2C34347926A479F300FB0C63 /* HttpRequestHelper.swift */,
				2C8419C6269E141500175447 /* Utility.swift */,
			);
			path = Utility;
			sourceTree = "<group>";
		};
		2CA6B444269CBFBF0056ACFC = {
			isa = PBXGroup;
			children = (
				2CA6B44F269CBFBF0056ACFC /* Directory */,
				2CA6B469269CBFC10056ACFC /* DirectoryTests */,
				2CA6B474269CBFC10056ACFC /* DirectoryUITests */,
				2CA6B44E269CBFBF0056ACFC /* Products */,
			);
			sourceTree = "<group>";
		};
		2CA6B44E269CBFBF0056ACFC /* Products */ = {
			isa = PBXGroup;
			children = (
				2CA6B44D269CBFBF0056ACFC /* Directory.app */,
				2CA6B466269CBFC10056ACFC /* DirectoryTests.xctest */,
				2CA6B471269CBFC10056ACFC /* DirectoryUITests.xctest */,
			);
			name = Products;
			sourceTree = "<group>";
		};
		2CA6B44F269CBFBF0056ACFC /* Directory */ = {
			isa = PBXGroup;
			children = (
				2C8419C5269E13FD00175447 /* Utility */,
				2CA6B48D269CC5AD0056ACFC /* Service */,
				2C34347B26A47AD800FB0C63 /* Screens */,
				2C34348C26A4872000FB0C63 /* AppDelegate.swift */,
				2C34348D26A4872100FB0C63 /* SceneDelegate.swift */,
				2CA6B454269CBFBF0056ACFC /* MainTabViewController.swift */,
				2CA6B456269CBFBF0056ACFC /* Main.storyboard */,
				2CA6B45C269CBFC10056ACFC /* Assets.xcassets */,
				2CA6B45E269CBFC10056ACFC /* LaunchScreen.storyboard */,
				2CA6B461269CBFC10056ACFC /* Info.plist */,
				2CA6B459269CBFBF0056ACFC /* Directory.xcdatamodeld */,
			);
			path = Directory;
			sourceTree = "<group>";
		};
		2CA6B469269CBFC10056ACFC /* DirectoryTests */ = {
			isa = PBXGroup;
			children = (
				2CA6B46A269CBFC10056ACFC /* PeopleViewModelTest.swift */,
				2CF8A96426A56CC70056340C /* RoomViewModelTest.swift */,
				2CA6B46C269CBFC10056ACFC /* Info.plist */,
				2C34349826A5188200FB0C63 /* peoples.json */,
				2C34349A26A518A500FB0C63 /* rooms.json */,
			);
			path = DirectoryTests;
			sourceTree = "<group>";
		};
		2CA6B474269CBFC10056ACFC /* DirectoryUITests */ = {
			isa = PBXGroup;
			children = (
				2CA6B475269CBFC10056ACFC /* DirectoryUITests.swift */,
				2CA6B477269CBFC10056ACFC /* Info.plist */,
			);
			path = DirectoryUITests;
			sourceTree = "<group>";
		};
		2CA6B48D269CC5AD0056ACFC /* Service */ = {
			isa = PBXGroup;
			children = (
				2CA6B489269CC5930056ACFC /* Service.swift */,
			);
			path = Service;
			sourceTree = "<group>";
		};
/* End PBXGroup section */

/* Begin PBXNativeTarget section */
		2CA6B44C269CBFBF0056ACFC /* Directory */ = {
			isa = PBXNativeTarget;
			buildConfigurationList = 2CA6B47A269CBFC10056ACFC /* Build configuration list for PBXNativeTarget "Directory" */;
			buildPhases = (
				2CA6B449269CBFBF0056ACFC /* Sources */,
				2CA6B44A269CBFBF0056ACFC /* Frameworks */,
				2CA6B44B269CBFBF0056ACFC /* Resources */,
			);
			buildRules = (
			);
			dependencies = (
			);
			name = Directory;
			productName = Directory;
			productReference = 2CA6B44D269CBFBF0056ACFC /* Directory.app */;
			productType = "com.apple.product-type.application";
		};
		2CA6B465269CBFC10056ACFC /* DirectoryTests */ = {
			isa = PBXNativeTarget;
			buildConfigurationList = 2CA6B47D269CBFC10056ACFC /* Build configuration list for PBXNativeTarget "DirectoryTests" */;
			buildPhases = (
				2CA6B462269CBFC10056ACFC /* Sources */,
				2CA6B463269CBFC10056ACFC /* Frameworks */,
				2CA6B464269CBFC10056ACFC /* Resources */,
			);
			buildRules = (
			);
			dependencies = (
				2CA6B468269CBFC10056ACFC /* PBXTargetDependency */,
			);
			name = DirectoryTests;
			productName = DirectoryTests;
			productReference = 2CA6B466269CBFC10056ACFC /* DirectoryTests.xctest */;
			productType = "com.apple.product-type.bundle.unit-test";
		};
		2CA6B470269CBFC10056ACFC /* DirectoryUITests */ = {
			isa = PBXNativeTarget;
			buildConfigurationList = 2CA6B480269CBFC10056ACFC /* Build configuration list for PBXNativeTarget "DirectoryUITests" */;
			buildPhases = (
				2CA6B46D269CBFC10056ACFC /* Sources */,
				2CA6B46E269CBFC10056ACFC /* Frameworks */,
				2CA6B46F269CBFC10056ACFC /* Resources */,
			);
			buildRules = (
			);
			dependencies = (
				2CA6B473269CBFC10056ACFC /* PBXTargetDependency */,
			);
			name = DirectoryUITests;
			productName = DirectoryUITests;
			productReference = 2CA6B471269CBFC10056ACFC /* DirectoryUITests.xctest */;
			productType = "com.apple.product-type.bundle.ui-testing";
		};
/* End PBXNativeTarget section */

/* Begin PBXProject section */
		2CA6B445269CBFBF0056ACFC /* Project object */ = {
			isa = PBXProject;
			attributes = {
				LastSwiftUpdateCheck = 1250;
				LastUpgradeCheck = 1250;
				TargetAttributes = {
					2CA6B44C269CBFBF0056ACFC = {
						CreatedOnToolsVersion = 12.5.1;
					};
					2CA6B465269CBFC10056ACFC = {
						CreatedOnToolsVersion = 12.5.1;
						TestTargetID = 2CA6B44C269CBFBF0056ACFC;
					};
					2CA6B470269CBFC10056ACFC = {
						CreatedOnToolsVersion = 12.5.1;
						TestTargetID = 2CA6B44C269CBFBF0056ACFC;
					};
				};
			};
			buildConfigurationList = 2CA6B448269CBFBF0056ACFC /* Build configuration list for PBXProject "Directory" */;
			compatibilityVersion = "Xcode 9.3";
			developmentRegion = en;
			hasScannedForEncodings = 0;
			knownRegions = (
				en,
				Base,
			);
			mainGroup = 2CA6B444269CBFBF0056ACFC;
			productRefGroup = 2CA6B44E269CBFBF0056ACFC /* Products */;
			projectDirPath = "";
			projectRoot = "";
			targets = (
				2CA6B44C269CBFBF0056ACFC /* Directory */,
				2CA6B465269CBFC10056ACFC /* DirectoryTests */,
				2CA6B470269CBFC10056ACFC /* DirectoryUITests */,
			);
		};
/* End PBXProject section */

/* Begin PBXResourcesBuildPhase section */
		2CA6B44B269CBFBF0056ACFC /* Resources */ = {
			isa = PBXResourcesBuildPhase;
			buildActionMask = 2147483647;
			files = (
				2CA6B460269CBFC10056ACFC /* LaunchScreen.storyboard in Resources */,
				2C34349126A4882A00FB0C63 /* PeopleCell.xib in Resources */,
				2CA6B45D269CBFC10056ACFC /* Assets.xcassets in Resources */,
				2CA6B458269CBFBF0056ACFC /* Main.storyboard in Resources */,
				2C34349726A4917200FB0C63 /* RoomCell.xib in Resources */,
			);
			runOnlyForDeploymentPostprocessing = 0;
		};
		2CA6B464269CBFC10056ACFC /* Resources */ = {
			isa = PBXResourcesBuildPhase;
			buildActionMask = 2147483647;
			files = (
				2C34349B26A518A500FB0C63 /* rooms.json in Resources */,
				2C34349926A5188200FB0C63 /* peoples.json in Resources */,
			);
			runOnlyForDeploymentPostprocessing = 0;
		};
		2CA6B46F269CBFC10056ACFC /* Resources */ = {
			isa = PBXResourcesBuildPhase;
			buildActionMask = 2147483647;
			files = (
			);
			runOnlyForDeploymentPostprocessing = 0;
		};
/* End PBXResourcesBuildPhase section */

/* Begin PBXSourcesBuildPhase section */
		2CA6B449269CBFBF0056ACFC /* Sources */ = {
			isa = PBXSourcesBuildPhase;
			buildActionMask = 2147483647;
			files = (
				2C8419C7269E141500175447 /* Utility.swift in Sources */,
				2CA6B455269CBFBF0056ACFC /* MainTabViewController.swift in Sources */,
				2CA6B48A269CC5930056ACFC /* Service.swift in Sources */,
				2C34348E26A4872100FB0C63 /* AppDelegate.swift in Sources */,
				2C34349526A48F1900FB0C63 /* RoomsViewModel.swift in Sources */,
				2CA6B48F269CC76E0056ACFC /* People.swift in Sources */,
				2CA6B495269CD6780056ACFC /* PeopleViewController.swift in Sources */,
				2C34348F26A4872100FB0C63 /* SceneDelegate.swift in Sources */,
				2CA6B499269CD6D40056ACFC /* RoomViewController.swift in Sources */,
				2C34347626A477DB00FB0C63 /* PeopleCellViewModel.swift in Sources */,
				2CD7E801269DD9F0009F1C4D /* RoomCell.swift in Sources */,
				2C34348826A47EAD00FB0C63 /* PeopleCell.swift in Sources */,
				2C34349326A48E8200FB0C63 /* RoomCellViewModel.swift in Sources */,
				2C34347A26A479F300FB0C63 /* HttpRequestHelper.swift in Sources */,
				2CA6B491269CC7B00056ACFC /* Room.swift in Sources */,
				2CA6B45B269CBFBF0056ACFC /* Directory.xcdatamodeld in Sources */,
				2C34347826A4790C00FB0C63 /* PeoplesViewModel.swift in Sources */,
			);
			runOnlyForDeploymentPostprocessing = 0;
		};
		2CA6B462269CBFC10056ACFC /* Sources */ = {
			isa = PBXSourcesBuildPhase;
			buildActionMask = 2147483647;
			files = (
				2CA6B46B269CBFC10056ACFC /* PeopleViewModelTest.swift in Sources */,
				2CF8A96526A56CC70056340C /* RoomViewModelTest.swift in Sources */,
			);
			runOnlyForDeploymentPostprocessing = 0;
		};
		2CA6B46D269CBFC10056ACFC /* Sources */ = {
			isa = PBXSourcesBuildPhase;
			buildActionMask = 2147483647;
			files = (
				2CA6B476269CBFC10056ACFC /* DirectoryUITests.swift in Sources */,
			);
			runOnlyForDeploymentPostprocessing = 0;
		};
/* End PBXSourcesBuildPhase section */

/* Begin PBXTargetDependency section */
		2CA6B468269CBFC10056ACFC /* PBXTargetDependency */ = {
			isa = PBXTargetDependency;
			target = 2CA6B44C269CBFBF0056ACFC /* Directory */;
			targetProxy = 2CA6B467269CBFC10056ACFC /* PBXContainerItemProxy */;
		};
		2CA6B473269CBFC10056ACFC /* PBXTargetDependency */ = {
			isa = PBXTargetDependency;
			target = 2CA6B44C269CBFBF0056ACFC /* Directory */;
			targetProxy = 2CA6B472269CBFC10056ACFC /* PBXContainerItemProxy */;
		};
/* End PBXTargetDependency section */

/* Begin PBXVariantGroup section */
		2CA6B456269CBFBF0056ACFC /* Main.storyboard */ = {
			isa = PBXVariantGroup;
			children = (
				2CA6B457269CBFBF0056ACFC /* Base */,
			);
			name = Main.storyboard;
			sourceTree = "<group>";
		};
		2CA6B45E269CBFC10056ACFC /* LaunchScreen.storyboard */ = {
			isa = PBXVariantGroup;
			children = (
				2CA6B45F269CBFC10056ACFC /* Base */,
			);
			name = LaunchScreen.storyboard;
			sourceTree = "<group>";
		};
/* End PBXVariantGroup section */

/* Begin XCBuildConfiguration section */
		2CA6B478269CBFC10056ACFC /* Debug */ = {
			isa = XCBuildConfiguration;
			buildSettings = {
				ALWAYS_SEARCH_USER_PATHS = NO;
				CLANG_ANALYZER_NONNULL = YES;
				CLANG_ANALYZER_NUMBER_OBJECT_CONVERSION = YES_AGGRESSIVE;
				CLANG_CXX_LANGUAGE_STANDARD = "gnu++14";
				CLANG_CXX_LIBRARY = "libc++";
				CLANG_ENABLE_MODULES = YES;
				CLANG_ENABLE_OBJC_ARC = YES;
				CLANG_ENABLE_OBJC_WEAK = YES;
				CLANG_WARN_BLOCK_CAPTURE_AUTORELEASING = YES;
				CLANG_WARN_BOOL_CONVERSION = YES;
				CLANG_WARN_COMMA = YES;
				CLANG_WARN_CONSTANT_CONVERSION = YES;
				CLANG_WARN_DEPRECATED_OBJC_IMPLEMENTATIONS = YES;
				CLANG_WARN_DIRECT_OBJC_ISA_USAGE = YES_ERROR;
				CLANG_WARN_DOCUMENTATION_COMMENTS = YES;
				CLANG_WARN_EMPTY_BODY = YES;
				CLANG_WARN_ENUM_CONVERSION = YES;
				CLANG_WARN_INFINITE_RECURSION = YES;
				CLANG_WARN_INT_CONVERSION = YES;
				CLANG_WARN_NON_LITERAL_NULL_CONVERSION = YES;
				CLANG_WARN_OBJC_IMPLICIT_RETAIN_SELF = YES;
				CLANG_WARN_OBJC_LITERAL_CONVERSION = YES;
				CLANG_WARN_OBJC_ROOT_CLASS = YES_ERROR;
				CLANG_WARN_QUOTED_INCLUDE_IN_FRAMEWORK_HEADER = YES;
				CLANG_WARN_RANGE_LOOP_ANALYSIS = YES;
				CLANG_WARN_STRICT_PROTOTYPES = YES;
				CLANG_WARN_SUSPICIOUS_MOVE = YES;
				CLANG_WARN_UNGUARDED_AVAILABILITY = YES_AGGRESSIVE;
				CLANG_WARN_UNREACHABLE_CODE = YES;
				CLANG_WARN__DUPLICATE_METHOD_MATCH = YES;
				COPY_PHASE_STRIP = NO;
				DEBUG_INFORMATION_FORMAT = dwarf;
				ENABLE_STRICT_OBJC_MSGSEND = YES;
				ENABLE_TESTABILITY = YES;
				GCC_C_LANGUAGE_STANDARD = gnu11;
				GCC_DYNAMIC_NO_PIC = NO;
				GCC_NO_COMMON_BLOCKS = YES;
				GCC_OPTIMIZATION_LEVEL = 0;
				GCC_PREPROCESSOR_DEFINITIONS = (
					"DEBUG=1",
					"$(inherited)",
				);
				GCC_WARN_64_TO_32_BIT_CONVERSION = YES;
				GCC_WARN_ABOUT_RETURN_TYPE = YES_ERROR;
				GCC_WARN_UNDECLARED_SELECTOR = YES;
				GCC_WARN_UNINITIALIZED_AUTOS = YES_AGGRESSIVE;
				GCC_WARN_UNUSED_FUNCTION = YES;
				GCC_WARN_UNUSED_VARIABLE = YES;
				IPHONEOS_DEPLOYMENT_TARGET = 11.0;
				MTL_ENABLE_DEBUG_INFO = INCLUDE_SOURCE;
				MTL_FAST_MATH = YES;
				ONLY_ACTIVE_ARCH = YES;
				SDKROOT = iphoneos;
				SWIFT_ACTIVE_COMPILATION_CONDITIONS = DEBUG;
				SWIFT_OPTIMIZATION_LEVEL = "-Onone";
			};
			name = Debug;
		};
		2CA6B479269CBFC10056ACFC /* Release */ = {
			isa = XCBuildConfiguration;
			buildSettings = {
				ALWAYS_SEARCH_USER_PATHS = NO;
				CLANG_ANALYZER_NONNULL = YES;
				CLANG_ANALYZER_NUMBER_OBJECT_CONVERSION = YES_AGGRESSIVE;
				CLANG_CXX_LANGUAGE_STANDARD = "gnu++14";
				CLANG_CXX_LIBRARY = "libc++";
				CLANG_ENABLE_MODULES = YES;
				CLANG_ENABLE_OBJC_ARC = YES;
				CLANG_ENABLE_OBJC_WEAK = YES;
				CLANG_WARN_BLOCK_CAPTURE_AUTORELEASING = YES;
				CLANG_WARN_BOOL_CONVERSION = YES;
				CLANG_WARN_COMMA = YES;
				CLANG_WARN_CONSTANT_CONVERSION = YES;
				CLANG_WARN_DEPRECATED_OBJC_IMPLEMENTATIONS = YES;
				CLANG_WARN_DIRECT_OBJC_ISA_USAGE = YES_ERROR;
				CLANG_WARN_DOCUMENTATION_COMMENTS = YES;
				CLANG_WARN_EMPTY_BODY = YES;
				CLANG_WARN_ENUM_CONVERSION = YES;
				CLANG_WARN_INFINITE_RECURSION = YES;
				CLANG_WARN_INT_CONVERSION = YES;
				CLANG_WARN_NON_LITERAL_NULL_CONVERSION = YES;
				CLANG_WARN_OBJC_IMPLICIT_RETAIN_SELF = YES;
				CLANG_WARN_OBJC_LITERAL_CONVERSION = YES;
				CLANG_WARN_OBJC_ROOT_CLASS = YES_ERROR;
				CLANG_WARN_QUOTED_INCLUDE_IN_FRAMEWORK_HEADER = YES;
				CLANG_WARN_RANGE_LOOP_ANALYSIS = YES;
				CLANG_WARN_STRICT_PROTOTYPES = YES;
				CLANG_WARN_SUSPICIOUS_MOVE = YES;
				CLANG_WARN_UNGUARDED_AVAILABILITY = YES_AGGRESSIVE;
				CLANG_WARN_UNREACHABLE_CODE = YES;
				CLANG_WARN__DUPLICATE_METHOD_MATCH = YES;
				COPY_PHASE_STRIP = NO;
				DEBUG_INFORMATION_FORMAT = "dwarf-with-dsym";
				ENABLE_NS_ASSERTIONS = NO;
				ENABLE_STRICT_OBJC_MSGSEND = YES;
				GCC_C_LANGUAGE_STANDARD = gnu11;
				GCC_NO_COMMON_BLOCKS = YES;
				GCC_WARN_64_TO_32_BIT_CONVERSION = YES;
				GCC_WARN_ABOUT_RETURN_TYPE = YES_ERROR;
				GCC_WARN_UNDECLARED_SELECTOR = YES;
				GCC_WARN_UNINITIALIZED_AUTOS = YES_AGGRESSIVE;
				GCC_WARN_UNUSED_FUNCTION = YES;
				GCC_WARN_UNUSED_VARIABLE = YES;
				IPHONEOS_DEPLOYMENT_TARGET = 11.0;
				MTL_ENABLE_DEBUG_INFO = NO;
				MTL_FAST_MATH = YES;
				SDKROOT = iphoneos;
				SWIFT_COMPILATION_MODE = wholemodule;
				SWIFT_OPTIMIZATION_LEVEL = "-O";
				VALIDATE_PRODUCT = YES;
			};
			name = Release;
		};
		2CA6B47B269CBFC10056ACFC /* Debug */ = {
			isa = XCBuildConfiguration;
			buildSettings = {
				ASSETCATALOG_COMPILER_APPICON_NAME = AppIcon;
				ASSETCATALOG_COMPILER_GLOBAL_ACCENT_COLOR_NAME = AccentColor;
				CODE_SIGN_STYLE = Manual;
				DEVELOPMENT_TEAM = "";
				INFOPLIST_FILE = Directory/Info.plist;
				LD_RUNPATH_SEARCH_PATHS = (
					"$(inherited)",
					"@executable_path/Frameworks",
				);
				PRODUCT_BUNDLE_IDENTIFIER = com.directory.Directory;
				PRODUCT_NAME = "$(TARGET_NAME)";
				PROVISIONING_PROFILE_SPECIFIER = "";
				SWIFT_VERSION = 5.0;
				TARGETED_DEVICE_FAMILY = "1,2";
			};
			name = Debug;
		};
		2CA6B47C269CBFC10056ACFC /* Release */ = {
			isa = XCBuildConfiguration;
			buildSettings = {
				ASSETCATALOG_COMPILER_APPICON_NAME = AppIcon;
				ASSETCATALOG_COMPILER_GLOBAL_ACCENT_COLOR_NAME = AccentColor;
				CODE_SIGN_STYLE = Automatic;
				DEVELOPMENT_TEAM = CSF3728S3M;
				INFOPLIST_FILE = Directory/Info.plist;
				LD_RUNPATH_SEARCH_PATHS = (
					"$(inherited)",
					"@executable_path/Frameworks",
				);
				PRODUCT_BUNDLE_IDENTIFIER = com.directory.Directory;
				PRODUCT_NAME = "$(TARGET_NAME)";
				SWIFT_VERSION = 5.0;
				TARGETED_DEVICE_FAMILY = "1,2";
			};
			name = Release;
		};
		2CA6B47E269CBFC10056ACFC /* Debug */ = {
			isa = XCBuildConfiguration;
			buildSettings = {
				ALWAYS_EMBED_SWIFT_STANDARD_LIBRARIES = YES;
				BUNDLE_LOADER = "$(TEST_HOST)";
				CODE_SIGN_STYLE = Automatic;
				DEVELOPMENT_TEAM = CSF3728S3M;
				INFOPLIST_FILE = DirectoryTests/Info.plist;
				IPHONEOS_DEPLOYMENT_TARGET = 14.5;
				LD_RUNPATH_SEARCH_PATHS = (
					"$(inherited)",
					"@executable_path/Frameworks",
					"@loader_path/Frameworks",
				);
				PRODUCT_BUNDLE_IDENTIFIER = com.directory.DirectoryTests;
				PRODUCT_NAME = "$(TARGET_NAME)";
				SWIFT_VERSION = 5.0;
				TARGETED_DEVICE_FAMILY = "1,2";
				TEST_HOST = "$(BUILT_PRODUCTS_DIR)/Directory.app/Directory";
			};
			name = Debug;
		};
		2CA6B47F269CBFC10056ACFC /* Release */ = {
			isa = XCBuildConfiguration;
			buildSettings = {
				ALWAYS_EMBED_SWIFT_STANDARD_LIBRARIES = YES;
				BUNDLE_LOADER = "$(TEST_HOST)";
				CODE_SIGN_STYLE = Automatic;
				DEVELOPMENT_TEAM = CSF3728S3M;
				INFOPLIST_FILE = DirectoryTests/Info.plist;
				IPHONEOS_DEPLOYMENT_TARGET = 14.5;
				LD_RUNPATH_SEARCH_PATHS = (
					"$(inherited)",
					"@executable_path/Frameworks",
					"@loader_path/Frameworks",
				);
				PRODUCT_BUNDLE_IDENTIFIER = com.directory.DirectoryTests;
				PRODUCT_NAME = "$(TARGET_NAME)";
				SWIFT_VERSION = 5.0;
				TARGETED_DEVICE_FAMILY = "1,2";
				TEST_HOST = "$(BUILT_PRODUCTS_DIR)/Directory.app/Directory";
			};
			name = Release;
		};
		2CA6B481269CBFC10056ACFC /* Debug */ = {
			isa = XCBuildConfiguration;
			buildSettings = {
				ALWAYS_EMBED_SWIFT_STANDARD_LIBRARIES = YES;
				CODE_SIGN_STYLE = Automatic;
				DEVELOPMENT_TEAM = CSF3728S3M;
				INFOPLIST_FILE = DirectoryUITests/Info.plist;
				LD_RUNPATH_SEARCH_PATHS = (
					"$(inherited)",
					"@executable_path/Frameworks",
					"@loader_path/Frameworks",
				);
				PRODUCT_BUNDLE_IDENTIFIER = com.directory.DirectoryUITests;
				PRODUCT_NAME = "$(TARGET_NAME)";
				SWIFT_VERSION = 5.0;
				TARGETED_DEVICE_FAMILY = "1,2";
				TEST_TARGET_NAME = Directory;
			};
			name = Debug;
		};
		2CA6B482269CBFC10056ACFC /* Release */ = {
			isa = XCBuildConfiguration;
			buildSettings = {
				ALWAYS_EMBED_SWIFT_STANDARD_LIBRARIES = YES;
				CODE_SIGN_STYLE = Automatic;
				DEVELOPMENT_TEAM = CSF3728S3M;
				INFOPLIST_FILE = DirectoryUITests/Info.plist;
				LD_RUNPATH_SEARCH_PATHS = (
					"$(inherited)",
					"@executable_path/Frameworks",
					"@loader_path/Frameworks",
				);
				PRODUCT_BUNDLE_IDENTIFIER = com.directory.DirectoryUITests;
				PRODUCT_NAME = "$(TARGET_NAME)";
				SWIFT_VERSION = 5.0;
				TARGETED_DEVICE_FAMILY = "1,2";
				TEST_TARGET_NAME = Directory;
			};
			name = Release;
		};
/* End XCBuildConfiguration section */

/* Begin XCConfigurationList section */
		2CA6B448269CBFBF0056ACFC /* Build configuration list for PBXProject "Directory" */ = {
			isa = XCConfigurationList;
			buildConfigurations = (
				2CA6B478269CBFC10056ACFC /* Debug */,
				2CA6B479269CBFC10056ACFC /* Release */,
			);
			defaultConfigurationIsVisible = 0;
			defaultConfigurationName = Release;
		};
		2CA6B47A269CBFC10056ACFC /* Build configuration list for PBXNativeTarget "Directory" */ = {
			isa = XCConfigurationList;
			buildConfigurations = (
				2CA6B47B269CBFC10056ACFC /* Debug */,
				2CA6B47C269CBFC10056ACFC /* Release */,
			);
			defaultConfigurationIsVisible = 0;
			defaultConfigurationName = Release;
		};
		2CA6B47D269CBFC10056ACFC /* Build configuration list for PBXNativeTarget "DirectoryTests" */ = {
			isa = XCConfigurationList;
			buildConfigurations = (
				2CA6B47E269CBFC10056ACFC /* Debug */,
				2CA6B47F269CBFC10056ACFC /* Release */,
			);
			defaultConfigurationIsVisible = 0;
			defaultConfigurationName = Release;
		};
		2CA6B480269CBFC10056ACFC /* Build configuration list for PBXNativeTarget "DirectoryUITests" */ = {
			isa = XCConfigurationList;
			buildConfigurations = (
				2CA6B481269CBFC10056ACFC /* Debug */,
				2CA6B482269CBFC10056ACFC /* Release */,
			);
			defaultConfigurationIsVisible = 0;
			defaultConfigurationName = Release;
		};
/* End XCConfigurationList section */

/* Begin XCVersionGroup section */
		2CA6B459269CBFBF0056ACFC /* Directory.xcdatamodeld */ = {
			isa = XCVersionGroup;
			children = (
				2CA6B45A269CBFBF0056ACFC /* Directory.xcdatamodel */,
			);
			currentVersion = 2CA6B45A269CBFBF0056ACFC /* Directory.xcdatamodel */;
			path = Directory.xcdatamodeld;
			sourceTree = "<group>";
			versionGroupType = wrapper.xcdatamodel;
		};
/* End XCVersionGroup section */
	};
	rootObject = 2CA6B445269CBFBF0056ACFC /* Project object */;
}
